<Solution>
  <Folder Name="/src/">
    <Project Path="src/Cafe.Launcher.Avalonia/Cafe.Launcher.Avalonia.csproj" />
  </Folder>
  <Folder Name="/tests/">
    <Project Path="tests/Cafe.Launcher.Avalonia.HeadlessTests/Cafe.Launcher.Avalonia.HeadlessTests.csproj" />
    <Project Path="tests/Cafe.Launcher.Avalonia.Tests/Cafe.Launcher.Avalonia.Tests.csproj" />
  </Folder>
</Solution>
