{
  "version": 2,
  "dependencies": {
    "net10.0": {
      "Avalonia": {
        "type": "Direct",
        "requested": "[12.1.2, )",
        "resolved": "12.1.2",
        "contentHash": "GHSe4qxjbqqxB570xuB4KtoD+Qhk3uKXJUXbelGYhGz/ti8xEoL7e5DGun8hcsXHondszPPBEdcC68szw7vUKg==",
        "dependencies": {
          "Avalonia.BuildServices": "11.3.2",
          "Avalonia.Remote.Protocol": "12.1.2",
          "MicroCom.Runtime": "0.11.6"
        }
      },
      "Avalonia.Controls.ColorPicker": {
        "type": "Direct",
        "requested": "[12.1.2, )",
        "resolved": "12.1.2",
        "contentHash": "RqbGnsGr5Rs/nXalqiwVyw/BqOlhaDu15hPSl+KyCIUp9ih0CPQ247p7wHP1sZmrZrlMbNSMQnrNEhMRrDh9tw==",
        "dependencies": {
          "Avalonia": "12.1.2",
          "Avalonia.Remote.Protocol": "12.1.2"
        }
      },
      "CommunityToolkit.Mvvm": {
        "type": "Direct",
        "requested": "[8.4.2, )",
        "resolved": "8.4.2",
        "contentHash": "WadCzGEc2U+3e20avRLng4qNtt4zoOGWrdUISqJWrHe3/FSnrYjuM5Sb4yQb09LhkBXrrI4Zt3dLKgRMbItsrg=="
      },
      "MarkView.Avalonia": {
        "type": "Direct",
        "requested": "[12.2.1, )",
        "resolved": "12.2.1",
        "contentHash": "M5pFmWAZ0ZXd+EacfHvbRSgPJ4sW4kp6UJcvjHkRfz77TQes26LpILLjF8lGAgoXZnB5rAr8QiCmCxEpNx0atQ==",
        "dependencies": {
          "Avalonia": "12.1.1",
          "Markdig": "1.3.2"
        }
      },
      "Material.Icons.Avalonia": {
        "type": "Direct",
        "requested": "[3.0.2, )",
        "resolved": "3.0.2",
        "contentHash": "zXUS04QfxgSv0oMbsIf+6fZqcQbyh3L920Ucif8UHLaaFRK9E5R80ixUPnBpFRwGNe4sTDNhUS2Ti1T1wT3g5A==",
        "dependencies": {
          "Avalonia": "12.0.0",
          "Material.Icons": "3.0.2"
        }
      },
      "Microsoft.Extensions.DependencyInjection": {
        "type": "Direct",
        "requested": "[10.0.12, )",
        "resolved": "10.0.12",
        "contentHash": "lXyK2O5GoYvfxW8eCFcD16JFbcoSTM1sJkAM0UHS1jZyl9NYMW64Tqm6OQFT0IDBjZi+xHt95/Zg+nxZhGFhZg==",
        "dependencies": {
          "Microsoft.Extensions.DependencyInjection.Abstractions": "10.0.12"
        }
      },
      "Shirasagi0012.MaterialColorUtilities": {
        "type": "Direct",
        "requested": "[0.2.0, )",
        "resolved": "0.2.0",
        "contentHash": "oO7YaaVdViENB0AFT7sCEfdu3SfTht1NfQtMX4zhbT2hftoLzP9o6RLekYeEJA2vuar6TqSyWqAh6YJCw8TM/Q=="
      },
      "Avalonia.BuildServices": {
        "type": "Transitive",
        "resolved": "11.3.2",
        "contentHash": "qHDToxto1e3hci5YqbG9n0Ty8mlp3zBUN5wT66wKqaDVzXyQ0do3EnRILd4Ke9jpvsktaPpgE0YjEk7hornryQ=="
      },
      "Avalonia.Remote.Protocol": {
        "type": "Transitive",
        "resolved": "12.1.2",
        "contentHash": "DdLTe9xKXxxfRcXmUw1trXZpBpz1YiZYWXx0DfMVPFAnkCszKsHLi67kaZfGJqtfQq2EySKd2qgRYX2QYkSxcg=="
      },
      "Markdig": {
        "type": "Transitive",
        "resolved": "1.3.2",
        "contentHash": "fZgOC/3CswUrndjDTac70aQpYdtxbW5+5bRumR7vzvI2HJbkmgKisB1c9oT+GA6v0jB/JDR9BLa9FiPzQmaK6A=="
      },
      "Material.Icons": {
        "type": "Transitive",
        "resolved": "3.0.2",
        "contentHash": "vzeJjXu0PWJSZDCG0lL8+xx4Zf3i+iKOmu4GjGXtgAex22JPKDOaYPUU77Fd21LEsKrkrAQ1cZ61mrHPX1Elsg=="
      },
      "MicroCom.Runtime": {
        "type": "Transitive",
        "resolved": "0.11.6",
        "contentHash": "NdNWGDiZ6eS/Mf/9+QHR91cj1K7Hy+PX9yrHI/zM7xFYuj9IWT2uxtB6sCHjrnxAeLV9fut1R6zHDUGKX6f9lQ=="
      },
      "Microsoft.Extensions.DependencyInjection.Abstractions": {
        "type": "Transitive",
        "resolved": "10.0.12",
        "contentHash": "9/qymSh7hVDMGTGwrLz8MRp5zRyXy9adGDOs4HwRdnLil3oZGYuWeZjbmHgCQ9BL1qBroVfgUK3U/nb61617Cw=="
      },
      "cafe.launcher.core": {
        "type": "Project",
        "dependencies": {
          "Cafe.Launcher.Updater.Core": "[1.0.0, )",
          "Microsoft.Extensions.DependencyInjection": "[10.0.12, )",
          "Serilog": "[4.4.0, )",
          "Serilog.Sinks.Async": "[2.1.0, )",
          "Serilog.Sinks.File": "[7.0.0, )"
        }
      },
      "cafe.launcher.updater.core": {
        "type": "Project"
      },
      "Serilog": {
        "type": "CentralTransitive",
        "requested": "[4.4.0, )",
        "resolved": "4.4.0",
        "contentHash": "ZC6Le3rr4TVJJjS4KsQAesxeF1EhW9qcZmmG7eP5Y2G3+gTGkJEUXkq4+tZNPtyp05I0wWOxnIjwtxFweJsObw=="
      },
      "Serilog.Sinks.Async": {
        "type": "CentralTransitive",
        "requested": "[2.1.0, )",
        "resolved": "2.1.0",
        "contentHash": "SnmRknWsSMgyo9wDXeZZCqSp48kkQYy44taSM6vcpxfiRICzSf09oLKEmVr0RCwQnfd8mJQ2WNN6nvhqf0RowQ==",
        "dependencies": {
          "Serilog": "4.1.0"
        }
      },
      "Serilog.Sinks.File": {
        "type": "CentralTransitive",
        "requested": "[7.0.0, )",
        "resolved": "7.0.0",
        "contentHash": "fKL7mXv7qaiNBUC71ssvn/dU0k9t0o45+qm2XgKAlSt19xF+ijjxyA3R6HmCgfKEKwfcfkwWjayuQtRueZFkYw==",
        "dependencies": {
          "Serilog": "4.2.0"
        }
      }
    }
  }
}